// !$*UTF8*$!
{
	archiveVersion = 1;
	classes = {
	};
	objectVersion = 46;
	objects = {

/* Begin PBXBuildFile section */
		2C125EB61F8CBF6200A436B8 /* UIDevice.swift in Sources */ = {isa = PBXBuildFile; fileRef = 2C125EB51F8CBF6200A436B8 /* UIDevice.swift */; };
		2C1D86C21F74D7D5004CD0A1 /* AppDelegate.swift in Sources */ = {isa = PBXBuildFile; fileRef = 2C1D86C11F74D7D5004CD0A1 /* AppDelegate.swift */; };
		2C1D86C41F74D7D5004CD0A1 /* ViewController.swift in Sources */ = {isa = PBXBuildFile; fileRef = 2C1D86C31F74D7D5004CD0A1 /* ViewController.swift */; };
		2C1D86C71F74D7D5004CD0A1 /* Main.storyboard in Resources */ = {isa = PBXBuildFile; fileRef = 2C1D86C51F74D7D5004CD0A1 /* Main.storyboard */; };
		2C1D86C91F74D7D6004CD0A1 /* Assets.xcassets in Resources */ = {isa = PBXBuildFile; fileRef = 2C1D86C81F74D7D5004CD0A1 /* Assets.xcassets */; };
		2C1D86CC1F74D7D6004CD0A1 /* LaunchScreen.storyboard in Resources */ = {isa = PBXBuildFile; fileRef = 2C1D86CA1F74D7D6004CD0A1 /* LaunchScreen.storyboard */; };
		2C1D86D41F74D7ED004CD0A1 /* Calendar.js in Resources */ = {isa = PBXBuildFile; fileRef = 2C1D86D31F74D7ED004CD0A1 /* Calendar.js */; };
		2CCEA2B41FA305C5000B643D /* AudioViewController.swift in Sources */ = {isa = PBXBuildFile; fileRef = 2CCEA2B31FA305C5000B643D /* AudioViewController.swift */; };
/* End PBXBuildFile section */

/* Begin PBXFileReference section */
		2C125EB51F8CBF6200A436B8 /* UIDevice.swift */ = {isa = PBXFileReference; fileEncoding = 4; lastKnownFileType = sourcecode.swift; path = UIDevice.swift; sourceTree = "<group>"; };
		2C1D86BE1F74D7D5004CD0A1 /* JSTest.app */ = {isa = PBXFileReference; explicitFileType = wrapper.application; includeInIndex = 0; path = JSTest.app; sourceTree = BUILT_PRODUCTS_DIR; };
		2C1D86C11F74D7D5004CD0A1 /* AppDelegate.swift */ = {isa = PBXFileReference; lastKnownFileType = sourcecode.swift; path = AppDelegate.swift; sourceTree = "<group>"; };
		2C1D86C31F74D7D5004CD0A1 /* ViewController.swift */ = {isa = PBXFileReference; lastKnownFileType = sourcecode.swift; path = ViewController.swift; sourceTree = "<group>"; };
		2C1D86C61F74D7D5004CD0A1 /* Base */ = {isa = PBXFileReference; lastKnownFileType = file.storyboard; name = Base; path = Base.lproj/Main.storyboard; sourceTree = "<group>"; };
		2C1D86C81F74D7D5004CD0A1 /* Assets.xcassets */ = {isa = PBXFileReference; lastKnownFileType = folder.assetcatalog; path = Assets.xcassets; sourceTree = "<group>"; };
		2C1D86CB1F74D7D6004CD0A1 /* Base */ = {isa = PBXFileReference; lastKnownFileType = file.storyboard; name = Base; path = Base.lproj/LaunchScreen.storyboard; sourceTree = "<group>"; };
		2C1D86CD1F74D7D6004CD0A1 /* Info.plist */ = {isa = PBXFileReference; lastKnownFileType = text.plist.xml; path = Info.plist; sourceTree = "<group>"; };
		2C1D86D31F74D7ED004CD0A1 /* Calendar.js */ = {isa = PBXFileReference; fileEncoding = 4; lastKnownFileType = sourcecode.javascript; path = Calendar.js; sourceTree = "<group>"; };
		2CCEA2B31FA305C5000B643D /* AudioViewController.swift */ = {isa = PBXFileReference; fileEncoding = 4; lastKnownFileType = sourcecode.swift; path = AudioViewController.swift; sourceTree = "<group>"; };
/* End PBXFileReference section */

/* Begin PBXFrameworksBuildPhase section */
		2C1D86BB1F74D7D5004CD0A1 /* Frameworks */ = {
			isa = PBXFrameworksBuildPhase;
			buildActionMask = 2147483647;
			files = (
			);
			runOnlyForDeploymentPostprocessing = 0;
		};
/* End PBXFrameworksBuildPhase section */

/* Begin PBXGroup section */
		2C1D86B51F74D7D5004CD0A1 = {
			isa = PBXGroup;
			children = (
				2C1D86C01F74D7D5004CD0A1 /* JSTest */,
				2C1D86BF1F74D7D5004CD0A1 /* Products */,
				2C1D86D31F74D7ED004CD0A1 /* Calendar.js */,
			);
			sourceTree = "<group>";
		};
		2C1D86BF1F74D7D5004CD0A1 /* Products */ = {
			isa = PBXGroup;
			children = (
				2C1D86BE1F74D7D5004CD0A1 /* JSTest.app */,
			);
			name = Products;
			sourceTree = "<group>";
		};
		2C1D86C01F74D7D5004CD0A1 /* JSTest */ = {
			isa = PBXGroup;
			children = (
				2C1D86C11F74D7D5004CD0A1 /* AppDelegate.swift */,
				2C1D86C31F74D7D5004CD0A1 /* ViewController.swift */,
				2C1D86C51F74D7D5004CD0A1 /* Main.storyboard */,
				2C1D86C81F74D7D5004CD0A1 /* Assets.xcassets */,
				2C1D86CA1F74D7D6004CD0A1 /* LaunchScreen.storyboard */,
				2C1D86CD1F74D7D6004CD0A1 /* Info.plist */,
				2C125EB51F8CBF6200A436B8 /* UIDevice.swift */,
				2CCEA2B31FA305C5000B643D /* AudioViewController.swift */,
			);
			path = JSTest;
			sourceTree = "<group>";
		};
/* End PBXGroup section */

/* Begin PBXNativeTarget section */
		2C1D86BD1F74D7D5004CD0A1 /* JSTest */ = {
			isa = PBXNativeTarget;
			buildConfigurationList = 2C1D86D01F74D7D6004CD0A1 /* Build configuration list for PBXNativeTarget "JSTest" */;
			buildPhases = (
				2C1D86BA1F74D7D5004CD0A1 /* Sources */,
				2C1D86BB1F74D7D5004CD0A1 /* Frameworks */,
				2C1D86BC1F74D7D5004CD0A1 /* Resources */,
			);
			buildRules = (
			);
			dependencies = (
			);
			name = JSTest;
			productName = JSTest;
			productReference = 2C1D86BE1F74D7D5004CD0A1 /* JSTest.app */;
			productType = "com.apple.product-type.application";
		};
/* End PBXNativeTarget section */

/* Begin PBXProject section */
		2C1D86B61F74D7D5004CD0A1 /* Project object */ = {
			isa = PBXProject;
			attributes = {
				LastSwiftUpdateCheck = 0830;
				LastUpgradeCheck = 0830;
				ORGANIZATIONNAME = "Li Shi Wei";
				TargetAttributes = {
					2C1D86BD1F74D7D5004CD0A1 = {
						CreatedOnToolsVersion = 8.3.3;
						ProvisioningStyle = Automatic;
					};
				};
			};
			buildConfigurationList = 2C1D86B91F74D7D5004CD0A1 /* Build configuration list for PBXProject "JSTest" */;
			compatibilityVersion = "Xcode 3.2";
			developmentRegion = English;
			hasScannedForEncodings = 0;
			knownRegions = (
				en,
				Base,
			);
			mainGroup = 2C1D86B51F74D7D5004CD0A1;
			productRefGroup = 2C1D86BF1F74D7D5004CD0A1 /* Products */;
			projectDirPath = "";
			projectRoot = "";
			targets = (
				2C1D86BD1F74D7D5004CD0A1 /* JSTest */,
			);
		};
/* End PBXProject section */

/* Begin PBXResourcesBuildPhase section */
		2C1D86BC1F74D7D5004CD0A1 /* Resources */ = {
			isa = PBXResourcesBuildPhase;
			buildActionMask = 2147483647;
			files = (
				2C1D86D41F74D7ED004CD0A1 /* Calendar.js in Resources */,
				2C1D86CC1F74D7D6004CD0A1 /* LaunchScreen.storyboard in Resources */,
				2C1D86C91F74D7D6004CD0A1 /* Assets.xcassets in Resources */,
				2C1D86C71F74D7D5004CD0A1 /* Main.storyboard in Resources */,
			);
			runOnlyForDeploymentPostprocessing = 0;
		};
/* End PBXResourcesBuildPhase section */

/* Begin PBXSourcesBuildPhase section */
		2C1D86BA1F74D7D5004CD0A1 /* Sources */ = {
			isa = PBXSourcesBuildPhase;
			buildActionMask = 2147483647;
			files = (
				2C1D86C41F74D7D5004CD0A1 /* ViewController.swift in Sources */,
				2CCEA2B41FA305C5000B643D /* AudioViewController.swift in Sources */,
				2C125EB61F8CBF6200A436B8 /* UIDevice.swift in Sources */,
				2C1D86C21F74D7D5004CD0A1 /* AppDelegate.swift in Sources */,
			);
			runOnlyForDeploymentPostprocessing = 0;
		};
/* End PBXSourcesBuildPhase section */

/* Begin PBXVariantGroup section */
		2C1D86C51F74D7D5004CD0A1 /* Main.storyboard */ = {
			isa = PBXVariantGroup;
			children = (
				2C1D86C61F74D7D5004CD0A1 /* Base */,
			);
			name = Main.storyboard;
			sourceTree = "<group>";
		};
		2C1D86CA1F74D7D6004CD0A1 /* LaunchScreen.storyboard */ = {
			isa = PBXVariantGroup;
			children = (
				2C1D86CB1F74D7D6004CD0A1 /* Base */,
			);
			name = LaunchScreen.storyboard;
			sourceTree = "<group>";
		};
/* End PBXVariantGroup section */

/* Begin XCBuildConfiguration section */
		2C1D86CE1F74D7D6004CD0A1 /* Debug */ = {
			isa = XCBuildConfiguration;
			buildSettings = {
				ALWAYS_SEARCH_USER_PATHS = NO;
				CLANG_ANALYZER_NONNULL = YES;
				CLANG_ANALYZER_NUMBER_OBJECT_CONVERSION = YES_AGGRESSIVE;
				CLANG_CXX_LANGUAGE_STANDARD = "gnu++0x";
				CLANG_CXX_LIBRARY = "libc++";
				CLANG_ENABLE_MODULES = YES;
				CLANG_ENABLE_OBJC_ARC = YES;
				CLANG_WARN_BOOL_CONVERSION = YES;
				CLANG_WARN_CONSTANT_CONVERSION = YES;
				CLANG_WARN_DIRECT_OBJC_ISA_USAGE = YES_ERROR;
				CLANG_WARN_DOCUMENTATION_COMMENTS = YES;
				CLANG_WARN_EMPTY_BODY = YES;
				CLANG_WARN_ENUM_CONVERSION = YES;
				CLANG_WARN_INFINITE_RECURSION = YES;
				CLANG_WARN_INT_CONVERSION = YES;
				CLANG_WARN_OBJC_ROOT_CLASS = YES_ERROR;
				CLANG_WARN_SUSPICIOUS_MOVE = YES;
				CLANG_WARN_UNREACHABLE_CODE = YES;
				CLANG_WARN__DUPLICATE_METHOD_MATCH = YES;
				"CODE_SIGN_IDENTITY[sdk=iphoneos*]" = "iPhone Developer";
				COPY_PHASE_STRIP = NO;
				DEBUG_INFORMATION_FORMAT = dwarf;
				ENABLE_STRICT_OBJC_MSGSEND = YES;
				ENABLE_TESTABILITY = YES;
				GCC_C_LANGUAGE_STANDARD = gnu99;
				GCC_DYNAMIC_NO_PIC = NO;
				GCC_NO_COMMON_BLOCKS = YES;
				GCC_OPTIMIZATION_LEVEL = 0;
				GCC_PREPROCESSOR_DEFINITIONS = (
					"DEBUG=1",
					"$(inherited)",
				);
				GCC_WARN_64_TO_32_BIT_CONVERSION = YES;
				GCC_WARN_ABOUT_RETURN_TYPE = YES_ERROR;
				GCC_WARN_UNDECLARED_SELECTOR = YES;
				GCC_WARN_UNINITIALIZED_AUTOS = YES_AGGRESSIVE;
				GCC_WARN_UNUSED_FUNCTION = YES;
				GCC_WARN_UNUSED_VARIABLE = YES;
				IPHONEOS_DEPLOYMENT_TARGET = 10.3;
				MTL_ENABLE_DEBUG_INFO = YES;
				ONLY_ACTIVE_ARCH = YES;
				SDKROOT = iphoneos;
				SWIFT_ACTIVE_COMPILATION_CONDITIONS = DEBUG;
				SWIFT_OPTIMIZATION_LEVEL = "-Onone";
				TARGETED_DEVICE_FAMILY = "1,2";
			};
			name = Debug;
		};
		2C1D86CF1F74D7D6004CD0A1 /* Release */ = {
			isa = XCBuildConfiguration;
			buildSettings = {
				ALWAYS_SEARCH_USER_PATHS = NO;
				CLANG_ANALYZER_NONNULL = YES;
				CLANG_ANALYZER_NUMBER_OBJECT_CONVERSION = YES_AGGRESSIVE;
				CLANG_CXX_LANGUAGE_STANDARD = "gnu++0x";
				CLANG_CXX_LIBRARY = "libc++";
				CLANG_ENABLE_MODULES = YES;
				CLANG_ENABLE_OBJC_ARC = YES;
				CLANG_WARN_BOOL_CONVERSION = YES;
				CLANG_WARN_CONSTANT_CONVERSION = YES;
				CLANG_WARN_DIRECT_OBJC_ISA_USAGE = YES_ERROR;
				CLANG_WARN_DOCUMENTATION_COMMENTS = YES;
				CLANG_WARN_EMPTY_BODY = YES;
				CLANG_WARN_ENUM_CONVERSION = YES;
				CLANG_WARN_INFINITE_RECURSION = YES;
				CLANG_WARN_INT_CONVERSION = YES;
				CLANG_WARN_OBJC_ROOT_CLASS = YES_ERROR;
				CLANG_WARN_SUSPICIOUS_MOVE = YES;
				CLANG_WARN_UNREACHABLE_CODE = YES;
				CLANG_WARN__DUPLICATE_METHOD_MATCH = YES;
				"CODE_SIGN_IDENTITY[sdk=iphoneos*]" = "iPhone Developer";
				COPY_PHASE_STRIP = NO;
				DEBUG_INFORMATION_FORMAT = "dwarf-with-dsym";
				ENABLE_NS_ASSERTIONS = NO;
				ENABLE_STRICT_OBJC_MSGSEND = YES;
				GCC_C_LANGUAGE_STANDARD = gnu99;
				GCC_NO_COMMON_BLOCKS = YES;
				GCC_WARN_64_TO_32_BIT_CONVERSION = YES;
				GCC_WARN_ABOUT_RETURN_TYPE = YES_ERROR;
				GCC_WARN_UNDECLARED_SELECTOR = YES;
				GCC_WARN_UNINITIALIZED_AUTOS = YES_AGGRESSIVE;
				GCC_WARN_UNUSED_FUNCTION = YES;
				GCC_WARN_UNUSED_VARIABLE = YES;
				IPHONEOS_DEPLOYMENT_TARGET = 10.3;
				MTL_ENABLE_DEBUG_INFO = NO;
				SDKROOT = iphoneos;
				SWIFT_OPTIMIZATION_LEVEL = "-Owholemodule";
				TARGETED_DEVICE_FAMILY = "1,2";
				VALIDATE_PRODUCT = YES;
			};
			name = Release;
		};
		2C1D86D11F74D7D6004CD0A1 /* Debug */ = {
			isa = XCBuildConfiguration;
			buildSettings = {
				ASSETCATALOG_COMPILER_APPICON_NAME = AppIcon;
				INFOPLIST_FILE = JSTest/Info.plist;
				LD_RUNPATH_SEARCH_PATHS = "$(inherited) @executable_path/Frameworks";
				PRODUCT_BUNDLE_IDENTIFIER = lsw.JSTest;
				PRODUCT_NAME = "$(TARGET_NAME)";
				SWIFT_VERSION = 3.0;
			};
			name = Debug;
		};
		2C1D86D21F74D7D6004CD0A1 /* Release */ = {
			isa = XCBuildConfiguration;
			buildSettings = {
				ASSETCATALOG_COMPILER_APPICON_NAME = AppIcon;
				INFOPLIST_FILE = JSTest/Info.plist;
				LD_RUNPATH_SEARCH_PATHS = "$(inherited) @executable_path/Frameworks";
				PRODUCT_BUNDLE_IDENTIFIER = lsw.JSTest;
				PRODUCT_NAME = "$(TARGET_NAME)";
				SWIFT_VERSION = 3.0;
			};
			name = Release;
		};
/* End XCBuildConfiguration section */

/* Begin XCConfigurationList section */
		2C1D86B91F74D7D5004CD0A1 /* Build configuration list for PBXProject "JSTest" */ = {
			isa = XCConfigurationList;
			buildConfigurations = (
				2C1D86CE1F74D7D6004CD0A1 /* Debug */,
				2C1D86CF1F74D7D6004CD0A1 /* Release */,
			);
			defaultConfigurationIsVisible = 0;
			defaultConfigurationName = Release;
		};
		2C1D86D01F74D7D6004CD0A1 /* Build configuration list for PBXNativeTarget "JSTest" */ = {
			isa = XCConfigurationList;
			buildConfigurations = (
				2C1D86D11F74D7D6004CD0A1 /* Debug */,
				2C1D86D21F74D7D6004CD0A1 /* Release */,
			);
			defaultConfigurationIsVisible = 0;
			defaultConfigurationName = Release;
		};
/* End XCConfigurationList section */
	};
	rootObject = 2C1D86B61F74D7D5004CD0A1 /* Project object */;
}
